schema: '2.0'
stages:
  clean_bureau_de_vote@2022-presidentielle-1:
    cmd: mkdir -p data/02_clean && python -m src.backend.resultats.format_2017 data/01_raw/2022-presidentielle-1-bureau_de_vote.csv
      data/02_clean/2022-presidentielle-1-bureau_de_vote.csv latin1 ";"
    deps:
    - path: data/01_raw/2022-presidentielle-1-bureau_de_vote.csv
      hash: md5
      md5: 863143ce55ac2e71541972bd68ff9365
      size: 36463842
    - path: src/backend/resultats/format_2017.py
      hash: md5
      md5: ff373153ae1847c392e825d7e5b80b19
      size: 7310
    outs:
    - path: data/02_clean/2022-presidentielle-1-bureau_de_vote.csv
      hash: md5
      md5: ae51bdf68dc8c30d5fde7015778e6918
      size: 42783878
  clean_bureau_de_vote@2012-presidentielle:
    cmd: mkdir -p data/02_clean && python -m src.backend.resultats.format_2014 data/01_raw/2012-presidentielle-bureau_de_vote.csv
      data/02_clean/2012-presidentielle-bureau_de_vote.csv latin1 ";"
    deps:
    - path: data/01_raw/2012-presidentielle-bureau_de_vote.csv
      hash: md5
      md5: c12faa2e574d4844ed8686d17519a9e4
      size: 58668586
    - path: src/backend/resultats/format_2014.py
      hash: md5
      md5: 99df45d880e343c97ca66576175af972
      size: 3108
    outs:
    - path: data/02_clean/2012-presidentielle-bureau_de_vote.csv
      hash: md5
      md5: dd1602eeb3aef940be98b633715f98c0
      size: 49031032
  clean_bureau_de_vote@2014-europeenne:
    cmd: mkdir -p data/02_clean && python -m src.backend.resultats.format_2014 data/01_raw/2014-europeenne-bureau_de_vote.csv
      data/02_clean/2014-europeenne-bureau_de_vote.csv latin1 ";"
    deps:
    - path: data/01_raw/2014-europeenne-bureau_de_vote.csv
      hash: md5
      md5: 21aecbfcb6e0caf8eb09a3b573170623
      size: 108205025
    - path: src/backend/resultats/format_2014.py
      hash: md5
      md5: 99df45d880e343c97ca66576175af972
      size: 3108
    outs:
    - path: data/02_clean/2014-europeenne-bureau_de_vote.csv
      hash: md5
      md5: 86a735fc59b31007870567dceaa7fc80
      size: 85131014
  clean_bureau_de_vote@2017-legislatives-1:
    cmd: mkdir -p data/02_clean && python -m src.backend.resultats.format_2017 data/01_raw/2017-legislatives-1-bureau_de_vote.csv
      data/02_clean/2017-legislatives-1-bureau_de_vote.csv latin1 ";"
    deps:
    - path: data/01_raw/2017-legislatives-1-bureau_de_vote.csv
      hash: md5
      md5: 3eaa57f0825abafeeb38dcf81d3f80aa
      size: 42454602
    - path: src/backend/resultats/format_2017.py
      hash: md5
      md5: ff373153ae1847c392e825d7e5b80b19
      size: 7310
    outs:
    - path: data/02_clean/2017-legislatives-1-bureau_de_vote.csv
      hash: md5
      md5: b754cdb6a69d54f9bbf5abc923328069
      size: 50035348
  clean_bureau_de_vote@2017-legislatives-2:
    cmd: mkdir -p data/02_clean && python -m src.backend.resultats.format_2017 data/01_raw/2017-legislatives-2-bureau_de_vote.csv
      data/02_clean/2017-legislatives-2-bureau_de_vote.csv latin1 ";"
    deps:
    - path: data/01_raw/2017-legislatives-2-bureau_de_vote.csv
      hash: md5
      md5: f7488f6de8dc80bc650c19c36aab6b4d
      size: 14067818
    - path: src/backend/resultats/format_2017.py
      hash: md5
      md5: ff373153ae1847c392e825d7e5b80b19
      size: 7310
    outs:
    - path: data/02_clean/2017-legislatives-2-bureau_de_vote.csv
      hash: md5
      md5: 2cca47d6b1e562ab3cfe48cdd3383b88
      size: 7722705
  clean_bureau_de_vote@2017-presidentielle-1:
    cmd: mkdir -p data/02_clean && python -m src.backend.resultats.format_2017 data/01_raw/2017-presidentielle-1-bureau_de_vote.csv
      data/02_clean/2017-presidentielle-1-bureau_de_vote.csv latin1 ";"
    deps:
    - path: data/01_raw/2017-presidentielle-1-bureau_de_vote.csv
      hash: md5
      md5: 1fc04aa0a22b83172876987f6146b0ea
      size: 34748748
    - path: src/backend/resultats/format_2017.py
      hash: md5
      md5: ff373153ae1847c392e825d7e5b80b19
      size: 7310
    outs:
    - path: data/02_clean/2017-presidentielle-1-bureau_de_vote.csv
      hash: md5
      md5: 5a01f50d384b96b369a0c702e082ddfa
      size: 39699469
  clean_bureau_de_vote@2017-presidentielle-2:
    cmd: mkdir -p data/02_clean && python -m src.backend.resultats.format_2017 data/01_raw/2017-presidentielle-2-bureau_de_vote.csv
      data/02_clean/2017-presidentielle-2-bureau_de_vote.csv latin1 ";"
    deps:
    - path: data/01_raw/2017-presidentielle-2-bureau_de_vote.csv
      hash: md5
      md5: 7f2883a04e3243222ac800d1d73f01eb
      size: 13463989
    - path: src/backend/resultats/format_2017.py
      hash: md5
      md5: ff373153ae1847c392e825d7e5b80b19
      size: 7310
    outs:
    - path: data/02_clean/2017-presidentielle-2-bureau_de_vote.csv
      hash: md5
      md5: ee37e086476d2facc3486d3b953eae25
      size: 7017405
  clean_bureau_de_vote@2019-europeenne:
    cmd: mkdir -p data/02_clean && python -m src.backend.resultats.format_2017 data/01_raw/2019-europeenne-bureau_de_vote.csv
      data/02_clean/2019-europeenne-bureau_de_vote.csv latin1 ";"
    deps:
    - path: data/01_raw/2019-europeenne-bureau_de_vote.csv
      hash: md5
      md5: 41122a5230f18ab9736f5a07828b1221
      size: 217110330
    - path: src/backend/resultats/format_2017.py
      hash: md5
      md5: ff373153ae1847c392e825d7e5b80b19
      size: 7310
    outs:
    - path: data/02_clean/2019-europeenne-bureau_de_vote.csv
      hash: md5
      md5: 253f8eb6a132738c4b492e65750ad927
      size: 204628219
  nettoyer-2020-municipales-1:
    cmd: sed '13751,13752s/ \t / / ; 16921s/ \t / /' < data/01_raw/2020-municipales-1-bureau_de_vote_avant_correction.csv
      > data/01_raw/2020-municipales-1-bureau_de_vote.csv
    deps:
    - path: data/01_raw/2020-municipales-1-bureau_de_vote_avant_correction.csv
      hash: md5
      md5: d5ed37c4abd7a4952826ead2ca11a408
      size: 66948003
    outs:
    - path: data/01_raw/2020-municipales-1-bureau_de_vote.csv
      hash: md5
      md5: 134a9746d44fbccabb9136992975c355
      size: 66947997
  clean-bureau-de-vote@2012-presidentielle:
    cmd: mkdir -p data/02_clean && python -m src.backend.resultats.format_2014 data/01_raw/2012-presidentielle-bureau_de_vote.csv
      data/02_clean/2012-presidentielle-bureau_de_vote.csv latin1 ";"
    deps:
    - path: data/01_raw/2012-presidentielle-bureau_de_vote.csv
      hash: md5
      md5: c12faa2e574d4844ed8686d17519a9e4
      size: 58668586
    - path: src/backend/resultats/format_2014.py
      hash: md5
      md5: 99df45d880e343c97ca66576175af972
      size: 3108
    outs:
    - path: data/02_clean/2012-presidentielle-bureau_de_vote.csv
      hash: md5
      md5: dd1602eeb3aef940be98b633715f98c0
      size: 49031032
  clean-bureau-de-vote@2014-europeenne:
    cmd: mkdir -p data/02_clean && python -m src.backend.resultats.format_2014 data/01_raw/2014-europeenne-bureau_de_vote.csv
      data/02_clean/2014-europeenne-bureau_de_vote.csv latin1 ";"
    deps:
    - path: data/01_raw/2014-europeenne-bureau_de_vote.csv
      hash: md5
      md5: 21aecbfcb6e0caf8eb09a3b573170623
      size: 108205025
    - path: src/backend/resultats/format_2014.py
      hash: md5
      md5: 99df45d880e343c97ca66576175af972
      size: 3108
    outs:
    - path: data/02_clean/2014-europeenne-bureau_de_vote.csv
      hash: md5
      md5: 86a735fc59b31007870567dceaa7fc80
      size: 85131014
  clean-bureau-de-vote@2017-legislatives-1:
    cmd: mkdir -p data/02_clean && python -m src.backend.resultats.format_2017 data/01_raw/2017-legislatives-1-bureau_de_vote.csv
      data/02_clean/2017-legislatives-1-bureau_de_vote.csv latin1 ";"
    deps:
    - path: data/01_raw/2017-legislatives-1-bureau_de_vote.csv
      hash: md5
      md5: 3eaa57f0825abafeeb38dcf81d3f80aa
      size: 42454602
    - path: src/backend/resultats/format_2017.py
      hash: md5
      md5: ff373153ae1847c392e825d7e5b80b19
      size: 7310
    outs:
    - path: data/02_clean/2017-legislatives-1-bureau_de_vote.csv
      hash: md5
      md5: b754cdb6a69d54f9bbf5abc923328069
      size: 50035348
  clean-bureau-de-vote@2017-legislatives-2:
    cmd: mkdir -p data/02_clean && python -m src.backend.resultats.format_2017 data/01_raw/2017-legislatives-2-bureau_de_vote.csv
      data/02_clean/2017-legislatives-2-bureau_de_vote.csv latin1 ";"
    deps:
    - path: data/01_raw/2017-legislatives-2-bureau_de_vote.csv
      hash: md5
      md5: f7488f6de8dc80bc650c19c36aab6b4d
      size: 14067818
    - path: src/backend/resultats/format_2017.py
      hash: md5
      md5: ff373153ae1847c392e825d7e5b80b19
      size: 7310
    outs:
    - path: data/02_clean/2017-legislatives-2-bureau_de_vote.csv
      hash: md5
      md5: 2cca47d6b1e562ab3cfe48cdd3383b88
      size: 7722705
  clean-bureau-de-vote@2017-presidentielle-1:
    cmd: mkdir -p data/02_clean && python -m src.backend.resultats.format_2017 data/01_raw/2017-presidentielle-1-bureau_de_vote.csv
      data/02_clean/2017-presidentielle-1-bureau_de_vote.csv latin1 ";"
    deps:
    - path: data/01_raw/2017-presidentielle-1-bureau_de_vote.csv
      hash: md5
      md5: 1fc04aa0a22b83172876987f6146b0ea
      size: 34748748
    - path: src/backend/resultats/format_2017.py
      hash: md5
      md5: ff373153ae1847c392e825d7e5b80b19
      size: 7310
    outs:
    - path: data/02_clean/2017-presidentielle-1-bureau_de_vote.csv
      hash: md5
      md5: 5a01f50d384b96b369a0c702e082ddfa
      size: 39699469
  clean-bureau-de-vote@2017-presidentielle-2:
    cmd: mkdir -p data/02_clean && python -m src.backend.resultats.format_2017 data/01_raw/2017-presidentielle-2-bureau_de_vote.csv
      data/02_clean/2017-presidentielle-2-bureau_de_vote.csv latin1 ";"
    deps:
    - path: data/01_raw/2017-presidentielle-2-bureau_de_vote.csv
      hash: md5
      md5: 7f2883a04e3243222ac800d1d73f01eb
      size: 13463989
    - path: src/backend/resultats/format_2017.py
      hash: md5
      md5: ff373153ae1847c392e825d7e5b80b19
      size: 7310
    outs:
    - path: data/02_clean/2017-presidentielle-2-bureau_de_vote.csv
      hash: md5
      md5: ee37e086476d2facc3486d3b953eae25
      size: 7017405
  clean-bureau-de-vote@2019-europeenne:
    cmd: mkdir -p data/02_clean && python -m src.backend.resultats.format_2017 data/01_raw/2019-europeenne-bureau_de_vote.csv
      data/02_clean/2019-europeenne-bureau_de_vote.csv latin1 ";"
    deps:
    - path: data/01_raw/2019-europeenne-bureau_de_vote.csv
      hash: md5
      md5: 41122a5230f18ab9736f5a07828b1221
      size: 217110330
    - path: src/backend/resultats/format_2017.py
      hash: md5
      md5: ff373153ae1847c392e825d7e5b80b19
      size: 7310
    outs:
    - path: data/02_clean/2019-europeenne-bureau_de_vote.csv
      hash: md5
      md5: 253f8eb6a132738c4b492e65750ad927
      size: 204628219
  clean-bureau-de-vote@2020-municipales-1:
    cmd: "mkdir -p data/02_clean && python -m src.backend.resultats.format_2017 data/01_raw/2020-municipales-1-bureau_de_vote.csv
      data/02_clean/2020-municipales-1-bureau_de_vote.csv latin1 \"\t\""
    deps:
    - path: data/01_raw/2020-municipales-1-bureau_de_vote.csv
      hash: md5
      md5: 134a9746d44fbccabb9136992975c355
      size: 66947997
    - path: src/backend/resultats/format_2017.py
      hash: md5
      md5: ff373153ae1847c392e825d7e5b80b19
      size: 7310
    outs:
    - path: data/02_clean/2020-municipales-1-bureau_de_vote.csv
      hash: md5
      md5: 7b08b284f645d1563e3db579da744ffd
      size: 33413667
  clean-bureau-de-vote@2020-municipales-2:
    cmd: mkdir -p data/02_clean && python -m src.backend.resultats.format_2017 data/01_raw/2020-municipales-2-bureau_de_vote.csv
      data/02_clean/2020-municipales-2-bureau_de_vote.csv latin1 ";"
    deps:
    - path: data/01_raw/2020-municipales-2-bureau_de_vote.csv
      hash: md5
      md5: fa88d768c4ce3098a7f883dd9e7b03e7
      size: 6773003
    - path: src/backend/resultats/format_2017.py
      hash: md5
      md5: ff373153ae1847c392e825d7e5b80b19
      size: 7310
    outs:
    - path: data/02_clean/2020-municipales-2-bureau_de_vote.csv
      hash: md5
      md5: e748957f0abeebb3cb42e2509b3cf060
      size: 5874821
  clean-bureau-de-vote@2021-departementales-1:
    cmd: mkdir -p data/02_clean && python -m src.backend.resultats.format_2017 data/01_raw/2021-departementales-1-bureau_de_vote.csv
      data/02_clean/2021-departementales-1-bureau_de_vote.csv latin1 ";"
    deps:
    - path: data/01_raw/2021-departementales-1-bureau_de_vote.csv
      hash: md5
      md5: 779c9e5cefb35ef7b91379a6a761a1a0
      size: 24572024
    - path: src/backend/resultats/format_2017.py
      hash: md5
      md5: ff373153ae1847c392e825d7e5b80b19
      size: 7310
    outs:
    - path: data/02_clean/2021-departementales-1-bureau_de_vote.csv
      hash: md5
      md5: b2177de4b9a218b928817d702075b402
      size: 8841441
  clean-bureau-de-vote@2021-departementales-2:
    cmd: mkdir -p data/02_clean && python -m src.backend.resultats.format_2017 data/01_raw/2021-departementales-2-bureau_de_vote.csv
      data/02_clean/2021-departementales-2-bureau_de_vote.csv latin1 ";"
    deps:
    - path: data/01_raw/2021-departementales-2-bureau_de_vote.csv
      hash: md5
      md5: bccfd795640a1f2684e1c1a921d065d0
      size: 15501944
    - path: src/backend/resultats/format_2017.py
      hash: md5
      md5: ff373153ae1847c392e825d7e5b80b19
      size: 7310
    outs:
    - path: data/02_clean/2021-departementales-2-bureau_de_vote.csv
      hash: md5
      md5: 2a7ac248369fc8c2b2b30ebc6740f545
      size: 4294083
  clean-bureau-de-vote@2021-regionales-1:
    cmd: mkdir -p data/02_clean && python -m src.backend.resultats.format_2017 data/01_raw/2021-regionales-1-bureau_de_vote.csv
      data/02_clean/2021-regionales-1-bureau_de_vote.csv latin1 ";"
    deps:
    - path: data/01_raw/2021-regionales-1-bureau_de_vote.csv
      hash: md5
      md5: b0e0383c1c736cc49867f05c662ed50f
      size: 65487496
    - path: src/backend/resultats/format_2017.py
      hash: md5
      md5: ff373153ae1847c392e825d7e5b80b19
      size: 7310
    outs:
    - path: data/02_clean/2021-regionales-1-bureau_de_vote.csv
      hash: md5
      md5: 7db1713bbe0357643645a5dc5b397063
      size: 56393904
  clean-bureau-de-vote@2021-regionales-2:
    cmd: mkdir -p data/02_clean && python -m src.backend.resultats.format_2017 data/01_raw/2021-regionales-2-bureau_de_vote.csv
      data/02_clean/2021-regionales-2-bureau_de_vote.csv latin1 ";"
    deps:
    - path: data/01_raw/2021-regionales-2-bureau_de_vote.csv
      hash: md5
      md5: 436df1e7dcbe2ac545c537195e0a7299
      size: 33614226
    - path: src/backend/resultats/format_2017.py
      hash: md5
      md5: ff373153ae1847c392e825d7e5b80b19
      size: 7310
    outs:
    - path: data/02_clean/2021-regionales-2-bureau_de_vote.csv
      hash: md5
      md5: 26ab86d13125fb35f1acbef93ebce850
      size: 25149499
  clean-bureau-de-vote@2022-legislatives-1:
    cmd: mkdir -p data/02_clean && python -m src.backend.resultats.format_2017 data/01_raw/2022-legislatives-1-bureau_de_vote.csv
      data/02_clean/2022-legislatives-1-bureau_de_vote.csv latin1 ";"
    deps:
    - path: data/01_raw/2022-legislatives-1-bureau_de_vote.csv
      hash: md5
      md5: ab8e9e02c1253a44a9ec7547851842ad
      size: 36290423
    - path: src/backend/resultats/format_2017.py
      hash: md5
      md5: ff373153ae1847c392e825d7e5b80b19
      size: 7310
    outs:
    - path: data/02_clean/2022-legislatives-1-bureau_de_vote.csv
      hash: md5
      md5: 18904f9930572c4dc9b9d4a4fe1b160e
      size: 40754727
  clean-bureau-de-vote@2022-legislatives-2:
    cmd: mkdir -p data/02_clean && python -m src.backend.resultats.format_2017 data/01_raw/2022-legislatives-2-bureau_de_vote.csv
      data/02_clean/2022-legislatives-2-bureau_de_vote.csv latin1 ";"
    deps:
    - path: data/01_raw/2022-legislatives-2-bureau_de_vote.csv
      hash: md5
      md5: 02e9bcfb3e506d7d4ada0a141315c61c
      size: 14215650
    - path: src/backend/resultats/format_2017.py
      hash: md5
      md5: ff373153ae1847c392e825d7e5b80b19
      size: 7310
    outs:
    - path: data/02_clean/2022-legislatives-2-bureau_de_vote.csv
      hash: md5
      md5: 02259f3b25741cf97699c347d2cb5cb2
      size: 7841983
  clean-bureau-de-vote@2022-presidentielle-1:
    cmd: mkdir -p data/02_clean && python -m src.backend.resultats.format_2017 data/01_raw/2022-presidentielle-1-bureau_de_vote.csv
      data/02_clean/2022-presidentielle-1-bureau_de_vote.csv latin1 ";"
    deps:
    - path: data/01_raw/2022-presidentielle-1-bureau_de_vote.csv
      hash: md5
      md5: 863143ce55ac2e71541972bd68ff9365
      size: 36463842
    - path: src/backend/resultats/format_2017.py
      hash: md5
      md5: ff373153ae1847c392e825d7e5b80b19
      size: 7310
    outs:
    - path: data/02_clean/2022-presidentielle-1-bureau_de_vote.csv
      hash: md5
      md5: ae51bdf68dc8c30d5fde7015778e6918
      size: 42783878
  clean-bureau-de-vote@2022-presidentielle-2:
    cmd: mkdir -p data/02_clean && python -m src.backend.resultats.format_2017 data/01_raw/2022-presidentielle-2-bureau_de_vote.csv
      data/02_clean/2022-presidentielle-2-bureau_de_vote.csv latin1 ";"
    deps:
    - path: data/01_raw/2022-presidentielle-2-bureau_de_vote.csv
      hash: md5
      md5: c5e0a26fe52ed824208649d15628b528
      size: 13530843
    - path: src/backend/resultats/format_2017.py
      hash: md5
      md5: ff373153ae1847c392e825d7e5b80b19
      size: 7310
    outs:
    - path: data/02_clean/2022-presidentielle-2-bureau_de_vote.csv
      hash: md5
      md5: 48f23a5fbc8b57d3c9e0de0de1b6e7b3
      size: 7067674
  clean-bureau-de-vote@2024-europeenne:
    cmd: mkdir -p data/02_clean && python -m src.backend.resultats.format_2017 data/01_raw/2024-europeenne-bureau_de_vote.csv
      data/02_clean/2024-europeenne-bureau_de_vote.csv utf8 ";"
    deps:
    - path: data/01_raw/2024-europeenne-bureau_de_vote.csv
      hash: md5
      md5: b3a9085acb27df6669ac04d5aca2e5da
      size: 254095448
    - path: src/backend/resultats/format_2017.py
      hash: md5
      md5: ff373153ae1847c392e825d7e5b80b19
      size: 7310
    outs:
    - path: data/02_clean/2024-europeenne-bureau_de_vote.csv
      hash: md5
      md5: a1805bbbcd1997e81240dd4159697d9b
      size: 247289589
  clean-bureau-de-vote@2024-legislatives-1:
    cmd: mkdir -p data/02_clean && python -m src.backend.resultats.format_2017 data/01_raw/2024-legislatives-1-bureau_de_vote.csv
      data/02_clean/2024-legislatives-1-bureau_de_vote.csv utf8 ";"
    deps:
    - path: data/01_raw/2024-legislatives-1-bureau_de_vote.csv
      hash: md5
      md5: 92547431feb455ad1065815e72c40d8e
      size: 37476376
    - path: src/backend/resultats/format_2017.py
      hash: md5
      md5: ff373153ae1847c392e825d7e5b80b19
      size: 7310
    outs:
    - path: data/02_clean/2024-legislatives-1-bureau_de_vote.csv
      hash: md5
      md5: 493c0016258208a41a1a65dd449fe192
      size: 26361771
  clean-bureau-de-vote@2024-legislatives-2:
    cmd: mkdir -p data/02_clean && python -m src.backend.resultats.format_2017 data/01_raw/2024-legislatives-2-bureau_de_vote.csv
      data/02_clean/2024-legislatives-2-bureau_de_vote.csv utf8 ";"
    deps:
    - path: data/01_raw/2024-legislatives-2-bureau_de_vote.csv
      hash: md5
      md5: 063dfce8aa81153f6b535b7ecdb49d6f
      size: 16652378
    - path: src/backend/resultats/format_2017.py
      hash: md5
      md5: ff373153ae1847c392e825d7e5b80b19
      size: 7310
    outs:
    - path: data/02_clean/2024-legislatives-2-bureau_de_vote.csv
      hash: md5
      md5: 4c2c6e218bcb2025ffc890006657eceb
      size: 7639742
