schema: '2.0'
stages:
  raw@2005-referendum-bureau_de_vote:
    cmd: curl https://www.data.gouv.fr/fr/datasets/r/8b1f3e0e-001f-414c-9bf0-7b5a9219e26a
      -o data/01_raw/2005-referendum-bureau_de_vote.csv --progress-bar --location
    outs:
    - path: data/01_raw/2005-referendum-bureau_de_vote.csv
      hash: md5
      md5: 960334973bf05499070429ba154a833a
      size: 8587745
  raw@2012-presidentielles-bureau_de_vote:
    cmd: mkdir -p data/01_raw && curl https://www.data.gouv.fr/fr/datasets/r/206b1668-2b31-46da-b957-9857f94fe85c
      -o data/01_raw/2012-presidentielles-bureau_de_vote.csv --progress-bar --location
    outs:
    - path: data/01_raw/2012-presidentielles-bureau_de_vote.csv
      hash: md5
      md5: c12faa2e574d4844ed8686d17519a9e4
      size: 58668586
  raw@2014-europeennes-bureau_de_vote:
    cmd: mkdir -p data/01_raw && curl https://www.data.gouv.fr/fr/datasets/r/c5af18ce-b673-4019-a9c3-07ee6209668c
      -o data/01_raw/2014-europeennes-bureau_de_vote.csv --progress-bar --location
    outs:
    - path: data/01_raw/2014-europeennes-bureau_de_vote.csv
      hash: md5
      md5: 21aecbfcb6e0caf8eb09a3b573170623
      size: 108205025
  raw@2017-legislatives_1-bureau_de_vote:
    cmd: mkdir -p data/01_raw && curl https://www.data.gouv.fr/fr/datasets/r/80cb1309-9147-4bae-b6e2-79877d549b50
      -o data/01_raw/2017-legislatives_1-bureau_de_vote.csv --progress-bar --location
    outs:
    - path: data/01_raw/2017-legislatives_1-bureau_de_vote.csv
      hash: md5
      md5: 3eaa57f0825abafeeb38dcf81d3f80aa
      size: 42454602
  raw@2017-legislatives_2-bureau_de_vote:
    cmd: mkdir -p data/01_raw && curl https://www.data.gouv.fr/fr/datasets/r/8eb61f3e-dfdf-496e-85af-2859cd7383c3
      -o data/01_raw/2017-legislatives_2-bureau_de_vote.csv --progress-bar --location
    outs:
    - path: data/01_raw/2017-legislatives_2-bureau_de_vote.csv
      hash: md5
      md5: f7488f6de8dc80bc650c19c36aab6b4d
      size: 14067818
  raw@2017-presidentielles_1-bureau_de_vote:
    cmd: mkdir -p data/01_raw && curl https://www.data.gouv.fr/fr/datasets/r/8fdb0926-ea9d-4fb4-a136-7767cd97e30b
      -o data/01_raw/2017-presidentielles_1-bureau_de_vote.csv --progress-bar --location
    outs:
    - path: data/01_raw/2017-presidentielles_1-bureau_de_vote.csv
      hash: md5
      md5: 1fc04aa0a22b83172876987f6146b0ea
      size: 34748748
  raw@2017-presidentielles_2-bureau_de_vote:
    cmd: mkdir -p data/01_raw && curl https://www.data.gouv.fr/fr/datasets/r/2e3e44de-e584-4aa2-8148-670daf5617e1
      -o data/01_raw/2017-presidentielles_2-bureau_de_vote.csv --progress-bar --location
    outs:
    - path: data/01_raw/2017-presidentielles_2-bureau_de_vote.csv
      hash: md5
      md5: 7f2883a04e3243222ac800d1d73f01eb
      size: 13463989
  raw@2019-europeennes-bureau_de_vote:
    cmd: mkdir -p data/01_raw && curl https://www.data.gouv.fr/fr/datasets/r/77c4450b-7fa7-425c-84da-4f7bf4b97820
      -o data/01_raw/2019-europeennes-bureau_de_vote.csv --progress-bar --location
    outs:
    - path: data/01_raw/2019-europeennes-bureau_de_vote.csv
      hash: md5
      md5: 41122a5230f18ab9736f5a07828b1221
      size: 217110330
  raw@2020-municipales_1-bureau_de_vote:
    cmd: mkdir -p data/01_raw && curl https://www.data.gouv.fr/fr/datasets/r/466903fd-0ba9-4f0a-a4a5-73b0b76b7d13
      -o data/01_raw/2020-municipales_1-bureau_de_vote.csv --progress-bar --location
    outs:
    - path: data/01_raw/2020-municipales_1-bureau_de_vote.csv
      hash: md5
      md5: 55e10f3178400e9c4bc0c78808bdbe38
      size: 66944495
  raw@2020-municipales_2-bureau_de_vote:
    cmd: mkdir -p data/01_raw && curl https://www.data.gouv.fr/fr/datasets/r/7e641d2e-e017-43d4-9434-49d5acd44b4b
      -o data/01_raw/2020-municipales_2-bureau_de_vote.csv --progress-bar --location
    outs:
    - path: data/01_raw/2020-municipales_2-bureau_de_vote.csv
      hash: md5
      md5: fa88d768c4ce3098a7f883dd9e7b03e7
      size: 6773003
  raw@2021-departementales_1-bureau_de_vote:
    cmd: mkdir -p data/01_raw && curl https://www.data.gouv.fr/fr/datasets/r/57370a9b-7fa1-465c-a051-c984fc21321f
      -o data/01_raw/2021-departementales_1-bureau_de_vote.csv --progress-bar --location
    outs:
    - path: data/01_raw/2021-departementales_1-bureau_de_vote.csv
      hash: md5
      md5: 779c9e5cefb35ef7b91379a6a761a1a0
      size: 24572024
  raw@2021-departementales_2-bureau_de_vote:
    cmd: mkdir -p data/01_raw && curl https://www.data.gouv.fr/fr/datasets/r/b34b36d9-e416-4144-8384-d101b140afaf
      -o data/01_raw/2021-departementales_2-bureau_de_vote.csv --progress-bar --location
    outs:
    - path: data/01_raw/2021-departementales_2-bureau_de_vote.csv
      hash: md5
      md5: bccfd795640a1f2684e1c1a921d065d0
      size: 15501944
  raw@2021-regionales_1-bureau_de_vote:
    cmd: mkdir -p data/01_raw && curl https://www.data.gouv.fr/fr/datasets/r/52c3e6f1-2faa-4295-9f76-5b0e9cb9f7b0
      -o data/01_raw/2021-regionales_1-bureau_de_vote.csv --progress-bar --location
    outs:
    - path: data/01_raw/2021-regionales_1-bureau_de_vote.csv
      hash: md5
      md5: b0e0383c1c736cc49867f05c662ed50f
      size: 65487496
  raw@2021-regionales_2-bureau_de_vote:
    cmd: mkdir -p data/01_raw && curl https://www.data.gouv.fr/fr/datasets/r/75221ab0-2066-4a11-bc42-b0f76d201dfe
      -o data/01_raw/2021-regionales_2-bureau_de_vote.csv --progress-bar --location
    outs:
    - path: data/01_raw/2021-regionales_2-bureau_de_vote.csv
      hash: md5
      md5: 436df1e7dcbe2ac545c537195e0a7299
      size: 33614226
  raw@2022-legislatives_1-bureau_de_vote:
    cmd: mkdir -p data/01_raw && curl https://www.data.gouv.fr/fr/datasets/r/a1f73b85-8194-44f4-a2b7-c343edb47d32
      -o data/01_raw/2022-legislatives_1-bureau_de_vote.csv --progress-bar --location
    outs:
    - path: data/01_raw/2022-legislatives_1-bureau_de_vote.csv
      hash: md5
      md5: ab8e9e02c1253a44a9ec7547851842ad
      size: 36290423
  raw@2022-legislatives_2-bureau_de_vote:
    cmd: mkdir -p data/01_raw && curl https://www.data.gouv.fr/fr/datasets/r/cada247a-6528-44e7-8308-30c0c335a4b2
      -o data/01_raw/2022-legislatives_2-bureau_de_vote.csv --progress-bar --location
    outs:
    - path: data/01_raw/2022-legislatives_2-bureau_de_vote.csv
      hash: md5
      md5: 02e9bcfb3e506d7d4ada0a141315c61c
      size: 14215650
  raw@2022-presidentielles_1-bureau_de_vote:
    cmd: mkdir -p data/01_raw && curl https://www.data.gouv.fr/fr/datasets/r/79b5cac4-4957-486b-bbda-322d80868224
      -o data/01_raw/2022-presidentielles_1-bureau_de_vote.csv --progress-bar --location
    outs:
    - path: data/01_raw/2022-presidentielles_1-bureau_de_vote.csv
      hash: md5
      md5: 863143ce55ac2e71541972bd68ff9365
      size: 36463842
  raw@2022-presidentielles_2-bureau_de_vote:
    cmd: mkdir -p data/01_raw && curl https://www.data.gouv.fr/fr/datasets/r/4dfd05a9-094e-4043-8a19-43b6b6bbe086
      -o data/01_raw/2022-presidentielles_2-bureau_de_vote.csv --progress-bar --location
    outs:
    - path: data/01_raw/2022-presidentielles_2-bureau_de_vote.csv
      hash: md5
      md5: c5e0a26fe52ed824208649d15628b528
      size: 13530843
  raw@2024-europeennes-bureau_de_vote:
    cmd: mkdir -p data/01_raw && curl https://www.data.gouv.fr/fr/datasets/r/cc1883d9-1265-4365-b754-fb6aef22d82e
      -o data/01_raw/2024-europeennes-bureau_de_vote.csv --progress-bar --location
    outs:
    - path: data/01_raw/2024-europeennes-bureau_de_vote.csv
      hash: md5
      md5: b3a9085acb27df6669ac04d5aca2e5da
      size: 254095448
  raw@2024-europeenne-circos:
    cmd: curl https://www.data.gouv.fr/fr/datasets/r/ee37cbef-3d2a-4efe-a395-530b85a63028
      -o data/01_raw/2024-europeenne-circos.csv --progress-bar --location
    outs:
    - path: data/01_raw/2024-europeenne-circos.csv
      hash: md5
      md5: 8a9a6ca76b17b2ce3600c400ce800187
      size: 2118726
  raw@2024-legislatives_1-bureau_de_vote:
    cmd: mkdir -p data/01_raw && curl https://www.data.gouv.fr/fr/datasets/r/6813fb28-7ec0-42ff-a528-2bc3d82d7dcd
      -o data/01_raw/2024-legislatives_1-bureau_de_vote.csv --progress-bar --location
    outs:
    - path: data/01_raw/2024-legislatives_1-bureau_de_vote.csv
      hash: md5
      md5: 92547431feb455ad1065815e72c40d8e
      size: 37476376
  raw@2024-legislatives-1-circos:
    cmd: curl https://www.data.gouv.fr/fr/datasets/r/5163f2e3-1362-4c35-89a0-1934bb74f2d9
      -o data/01_raw/2024-legislatives-1-circos.csv --progress-bar --location
    outs:
    - path: data/01_raw/2024-legislatives-1-circos.csv
      hash: md5
      md5: 1d424007d37d7cf2d24d799403d6af00
      size: 337917
  raw@2024-legislatives_2-bureau_de_vote:
    cmd: mkdir -p data/01_raw && curl https://www.data.gouv.fr/fr/datasets/r/ca974f04-cfd9-4da8-8554-4a868a09c6c2
      -o data/01_raw/2024-legislatives_2-bureau_de_vote.csv --progress-bar --location
    outs:
    - path: data/01_raw/2024-legislatives_2-bureau_de_vote.csv
      hash: md5
      md5: 063dfce8aa81153f6b535b7ecdb49d6f
      size: 16652378
  raw@2024-legislatives-2-circos:
    cmd: curl https://www.data.gouv.fr/fr/datasets/r/41ed46cd-77c2-4ecc-b8eb-374aa953ca39
      -o data/01_raw/2024-legislatives-2-circos.csv --progress-bar --location
    outs:
    - path: data/01_raw/2024-legislatives-2-circos.csv
      hash: md5
      md5: 5232b0951ce8ca92573ea3b35d5d62a0
      size: 147285
  raw@2024-europeenne-circonscription:
    cmd: mkdir -p data/01_raw && curl https://www.data.gouv.fr/fr/datasets/r/ee37cbef-3d2a-4efe-a395-530b85a63028
      -o data/01_raw/2024-europeenne-circonscription.csv --progress-bar --location
    outs:
    - path: data/01_raw/2024-europeenne-circonscription.csv
      hash: md5
      md5: 8a9a6ca76b17b2ce3600c400ce800187
      size: 2118726
  raw@2024-legislatives-1-circonscription:
    cmd: mkdir -p data/01_raw && curl https://www.data.gouv.fr/fr/datasets/r/5163f2e3-1362-4c35-89a0-1934bb74f2d9
      -o data/01_raw/2024-legislatives-1-circonscription.csv --progress-bar --location
    outs:
    - path: data/01_raw/2024-legislatives-1-circonscription.csv
      hash: md5
      md5: 1d424007d37d7cf2d24d799403d6af00
      size: 337917
  raw@2024-legislatives-2-circonscription:
    cmd: mkdir -p data/01_raw && curl https://www.data.gouv.fr/fr/datasets/r/41ed46cd-77c2-4ecc-b8eb-374aa953ca39
      -o data/01_raw/2024-legislatives-2-circonscription.csv --progress-bar --location
    outs:
    - path: data/01_raw/2024-legislatives-2-circonscription.csv
      hash: md5
      md5: 5232b0951ce8ca92573ea3b35d5d62a0
      size: 147285
  clean@2017-legislatives_1-bureau_de_vote:
    cmd: mkdir -p data/02_clean && python -m src.backend.resultats.format_2017 data/01_raw/2017-legislatives_1-bureau_de_vote.csv
      data/02_clean/2017-legislatives_1-bureau_de_vote.csv latin1 ';'
    deps:
    - path: data/01_raw/2017-legislatives_1-bureau_de_vote.csv
      hash: md5
      md5: 3eaa57f0825abafeeb38dcf81d3f80aa
      size: 42454602
    - path: src/backend/resultats/format_2017.py
      hash: md5
      md5: ff373153ae1847c392e825d7e5b80b19
      size: 7310
    outs:
    - path: data/02_clean/2017-legislatives_1-bureau_de_vote.csv
      hash: md5
      md5: b754cdb6a69d54f9bbf5abc923328069
      size: 50035348
  clean@2017-legislatives_2-bureau_de_vote:
    cmd: mkdir -p data/02_clean && python -m src.backend.resultats.format_2017 data/01_raw/2017-legislatives_2-bureau_de_vote.csv
      data/02_clean/2017-legislatives_2-bureau_de_vote.csv latin1 ';'
    deps:
    - path: data/01_raw/2017-legislatives_2-bureau_de_vote.csv
      hash: md5
      md5: f7488f6de8dc80bc650c19c36aab6b4d
      size: 14067818
    - path: src/backend/resultats/format_2017.py
      hash: md5
      md5: ff373153ae1847c392e825d7e5b80b19
      size: 7310
    outs:
    - path: data/02_clean/2017-legislatives_2-bureau_de_vote.csv
      hash: md5
      md5: 2cca47d6b1e562ab3cfe48cdd3383b88
      size: 7722705
  clean@2017-presidentielles_1-bureau_de_vote:
    cmd: mkdir -p data/02_clean && python -m src.backend.resultats.format_2017 data/01_raw/2017-presidentielles_1-bureau_de_vote.csv
      data/02_clean/2017-presidentielles_1-bureau_de_vote.csv latin1 ';'
    deps:
    - path: data/01_raw/2017-presidentielles_1-bureau_de_vote.csv
      hash: md5
      md5: 1fc04aa0a22b83172876987f6146b0ea
      size: 34748748
    - path: src/backend/resultats/format_2017.py
      hash: md5
      md5: ff373153ae1847c392e825d7e5b80b19
      size: 7310
    outs:
    - path: data/02_clean/2017-presidentielles_1-bureau_de_vote.csv
      hash: md5
      md5: 5a01f50d384b96b369a0c702e082ddfa
      size: 39699469
  clean@2017-presidentielles_2-bureau_de_vote:
    cmd: mkdir -p data/02_clean && python -m src.backend.resultats.format_2017 data/01_raw/2017-presidentielles_2-bureau_de_vote.csv
      data/02_clean/2017-presidentielles_2-bureau_de_vote.csv latin1 ';'
    deps:
    - path: data/01_raw/2017-presidentielles_2-bureau_de_vote.csv
      hash: md5
      md5: 7f2883a04e3243222ac800d1d73f01eb
      size: 13463989
    - path: src/backend/resultats/format_2017.py
      hash: md5
      md5: ff373153ae1847c392e825d7e5b80b19
      size: 7310
    outs:
    - path: data/02_clean/2017-presidentielles_2-bureau_de_vote.csv
      hash: md5
      md5: ee37e086476d2facc3486d3b953eae25
      size: 7017405
  clean@2019-europeennes-bureau_de_vote:
    cmd: mkdir -p data/02_clean && python -m src.backend.resultats.format_2017 data/01_raw/2019-europeennes-bureau_de_vote.csv
      data/02_clean/2019-europeennes-bureau_de_vote.csv latin1 ';'
    deps:
    - path: data/01_raw/2019-europeennes-bureau_de_vote.csv
      hash: md5
      md5: 41122a5230f18ab9736f5a07828b1221
      size: 217110330
    - path: src/backend/resultats/format_2017.py
      hash: md5
      md5: ff373153ae1847c392e825d7e5b80b19
      size: 7310
    outs:
    - path: data/02_clean/2019-europeennes-bureau_de_vote.csv
      hash: md5
      md5: 253f8eb6a132738c4b492e65750ad927
      size: 204628219
  clean@2020-municipales_2-bureau_de_vote:
    cmd: mkdir -p data/02_clean && python -m src.backend.resultats.format_2017 data/01_raw/2020-municipales_2-bureau_de_vote.csv
      data/02_clean/2020-municipales_2-bureau_de_vote.csv latin1 ';'
    deps:
    - path: data/01_raw/2020-municipales_2-bureau_de_vote.csv
      hash: md5
      md5: fa88d768c4ce3098a7f883dd9e7b03e7
      size: 6773003
    - path: src/backend/resultats/format_2017.py
      hash: md5
      md5: ff373153ae1847c392e825d7e5b80b19
      size: 7310
    outs:
    - path: data/02_clean/2020-municipales_2-bureau_de_vote.csv
      hash: md5
      md5: e748957f0abeebb3cb42e2509b3cf060
      size: 5874821
  clean@2021-departementales_1-bureau_de_vote:
    cmd: mkdir -p data/02_clean && python -m src.backend.resultats.format_2017 data/01_raw/2021-departementales_1-bureau_de_vote.csv
      data/02_clean/2021-departementales_1-bureau_de_vote.csv latin1 ';'
    deps:
    - path: data/01_raw/2021-departementales_1-bureau_de_vote.csv
      hash: md5
      md5: 779c9e5cefb35ef7b91379a6a761a1a0
      size: 24572024
    - path: src/backend/resultats/format_2017.py
      hash: md5
      md5: ff373153ae1847c392e825d7e5b80b19
      size: 7310
    outs:
    - path: data/02_clean/2021-departementales_1-bureau_de_vote.csv
      hash: md5
      md5: b2177de4b9a218b928817d702075b402
      size: 8841441
  clean@2021-departementales_2-bureau_de_vote:
    cmd: mkdir -p data/02_clean && python -m src.backend.resultats.format_2017 data/01_raw/2021-departementales_2-bureau_de_vote.csv
      data/02_clean/2021-departementales_2-bureau_de_vote.csv latin1 ';'
    deps:
    - path: data/01_raw/2021-departementales_2-bureau_de_vote.csv
      hash: md5
      md5: bccfd795640a1f2684e1c1a921d065d0
      size: 15501944
    - path: src/backend/resultats/format_2017.py
      hash: md5
      md5: ff373153ae1847c392e825d7e5b80b19
      size: 7310
    outs:
    - path: data/02_clean/2021-departementales_2-bureau_de_vote.csv
      hash: md5
      md5: 2a7ac248369fc8c2b2b30ebc6740f545
      size: 4294083
  clean@2021-regionales_1-bureau_de_vote:
    cmd: mkdir -p data/02_clean && python -m src.backend.resultats.format_2017 data/01_raw/2021-regionales_1-bureau_de_vote.csv
      data/02_clean/2021-regionales_1-bureau_de_vote.csv latin1 ';'
    deps:
    - path: data/01_raw/2021-regionales_1-bureau_de_vote.csv
      hash: md5
      md5: b0e0383c1c736cc49867f05c662ed50f
      size: 65487496
    - path: src/backend/resultats/format_2017.py
      hash: md5
      md5: ff373153ae1847c392e825d7e5b80b19
      size: 7310
    outs:
    - path: data/02_clean/2021-regionales_1-bureau_de_vote.csv
      hash: md5
      md5: 7db1713bbe0357643645a5dc5b397063
      size: 56393904
  clean@2021-regionales_2-bureau_de_vote:
    cmd: mkdir -p data/02_clean && python -m src.backend.resultats.format_2017 data/01_raw/2021-regionales_2-bureau_de_vote.csv
      data/02_clean/2021-regionales_2-bureau_de_vote.csv latin1 ';'
    deps:
    - path: data/01_raw/2021-regionales_2-bureau_de_vote.csv
      hash: md5
      md5: 436df1e7dcbe2ac545c537195e0a7299
      size: 33614226
    - path: src/backend/resultats/format_2017.py
      hash: md5
      md5: ff373153ae1847c392e825d7e5b80b19
      size: 7310
    outs:
    - path: data/02_clean/2021-regionales_2-bureau_de_vote.csv
      hash: md5
      md5: 26ab86d13125fb35f1acbef93ebce850
      size: 25149499
  clean@2022-legislatives_1-bureau_de_vote:
    cmd: mkdir -p data/02_clean && python -m src.backend.resultats.format_2017 data/01_raw/2022-legislatives_1-bureau_de_vote.csv
      data/02_clean/2022-legislatives_1-bureau_de_vote.csv latin1 ';'
    deps:
    - path: data/01_raw/2022-legislatives_1-bureau_de_vote.csv
      hash: md5
      md5: ab8e9e02c1253a44a9ec7547851842ad
      size: 36290423
    - path: src/backend/resultats/format_2017.py
      hash: md5
      md5: ff373153ae1847c392e825d7e5b80b19
      size: 7310
    outs:
    - path: data/02_clean/2022-legislatives_1-bureau_de_vote.csv
      hash: md5
      md5: 18904f9930572c4dc9b9d4a4fe1b160e
      size: 40754727
  clean@2022-legislatives_2-bureau_de_vote:
    cmd: mkdir -p data/02_clean && python -m src.backend.resultats.format_2017 data/01_raw/2022-legislatives_2-bureau_de_vote.csv
      data/02_clean/2022-legislatives_2-bureau_de_vote.csv latin1 ';'
    deps:
    - path: data/01_raw/2022-legislatives_2-bureau_de_vote.csv
      hash: md5
      md5: 02e9bcfb3e506d7d4ada0a141315c61c
      size: 14215650
    - path: src/backend/resultats/format_2017.py
      hash: md5
      md5: ff373153ae1847c392e825d7e5b80b19
      size: 7310
    outs:
    - path: data/02_clean/2022-legislatives_2-bureau_de_vote.csv
      hash: md5
      md5: 02259f3b25741cf97699c347d2cb5cb2
      size: 7841983
  clean@2022-presidentielles_1-bureau_de_vote:
    cmd: mkdir -p data/02_clean && python -m src.backend.resultats.format_2017 data/01_raw/2022-presidentielles_1-bureau_de_vote.csv
      data/02_clean/2022-presidentielles_1-bureau_de_vote.csv latin1 ';'
    deps:
    - path: data/01_raw/2022-presidentielles_1-bureau_de_vote.csv
      hash: md5
      md5: 863143ce55ac2e71541972bd68ff9365
      size: 36463842
    - path: src/backend/resultats/format_2017.py
      hash: md5
      md5: ff373153ae1847c392e825d7e5b80b19
      size: 7310
    outs:
    - path: data/02_clean/2022-presidentielles_1-bureau_de_vote.csv
      hash: md5
      md5: ae51bdf68dc8c30d5fde7015778e6918
      size: 42783878
  clean@2022-presidentielles_2-bureau_de_vote:
    cmd: mkdir -p data/02_clean && python -m src.backend.resultats.format_2017 data/01_raw/2022-presidentielles_2-bureau_de_vote.csv
      data/02_clean/2022-presidentielles_2-bureau_de_vote.csv latin1 ';'
    deps:
    - path: data/01_raw/2022-presidentielles_2-bureau_de_vote.csv
      hash: md5
      md5: c5e0a26fe52ed824208649d15628b528
      size: 13530843
    - path: src/backend/resultats/format_2017.py
      hash: md5
      md5: ff373153ae1847c392e825d7e5b80b19
      size: 7310
    outs:
    - path: data/02_clean/2022-presidentielles_2-bureau_de_vote.csv
      hash: md5
      md5: 48f23a5fbc8b57d3c9e0de0de1b6e7b3
      size: 7067674
  clean@2024-europeennes-bureau_de_vote:
    cmd: mkdir -p data/02_clean && python -m src.backend.resultats.format_2017 data/01_raw/2024-europeennes-bureau_de_vote.csv
      data/02_clean/2024-europeennes-bureau_de_vote.csv utf8 ';'
    deps:
    - path: data/01_raw/2024-europeennes-bureau_de_vote.csv
      hash: md5
      md5: b3a9085acb27df6669ac04d5aca2e5da
      size: 254095448
    - path: src/backend/resultats/format_2017.py
      hash: md5
      md5: ff373153ae1847c392e825d7e5b80b19
      size: 7310
    outs:
    - path: data/02_clean/2024-europeennes-bureau_de_vote.csv
      hash: md5
      md5: a1805bbbcd1997e81240dd4159697d9b
      size: 247289589
  clean@2024-europeenne-circonscription:
    cmd: mkdir -p data/02_clean && python -m src.backend.resultats.format_2017 data/01_raw/2024-europeenne-circonscription.csv
      data/02_clean/2024-europeenne-circonscription.csv utf8 ';'
    deps:
    - path: data/01_raw/2024-europeenne-circonscription.csv
      hash: md5
      md5: 8a9a6ca76b17b2ce3600c400ce800187
      size: 2118726
    - path: src/backend/resultats/format_2017.py
      hash: md5
      md5: ff373153ae1847c392e825d7e5b80b19
      size: 7310
    outs:
    - path: data/02_clean/2024-europeenne-circonscription.csv
      hash: md5
      md5: b72736ffb12a3aee04ae584ef0674fb0
      size: 2066284
  clean@2024-legislatives_1-bureau_de_vote:
    cmd: mkdir -p data/02_clean && python -m src.backend.resultats.format_2017 data/01_raw/2024-legislatives_1-bureau_de_vote.csv
      data/02_clean/2024-legislatives_1-bureau_de_vote.csv utf8 ';'
    deps:
    - path: data/01_raw/2024-legislatives_1-bureau_de_vote.csv
      hash: md5
      md5: 92547431feb455ad1065815e72c40d8e
      size: 37476376
    - path: src/backend/resultats/format_2017.py
      hash: md5
      md5: ff373153ae1847c392e825d7e5b80b19
      size: 7310
    outs:
    - path: data/02_clean/2024-legislatives_1-bureau_de_vote.csv
      hash: md5
      md5: 493c0016258208a41a1a65dd449fe192
      size: 26361771
  clean@2024-legislatives-1-circonscription:
    cmd: mkdir -p data/02_clean && python -m src.backend.resultats.format_2017 data/01_raw/2024-legislatives-1-circonscription.csv
      data/02_clean/2024-legislatives-1-circonscription.csv utf8 ';'
    deps:
    - path: data/01_raw/2024-legislatives-1-circonscription.csv
      hash: md5
      md5: 1d424007d37d7cf2d24d799403d6af00
      size: 337917
    - path: src/backend/resultats/format_2017.py
      hash: md5
      md5: ff373153ae1847c392e825d7e5b80b19
      size: 7310
    outs:
    - path: data/02_clean/2024-legislatives-1-circonscription.csv
      hash: md5
      md5: 9cc0a839bbebc4ff3ecceff4d4e728ef
      size: 236344
  clean@2024-legislatives_2-bureau_de_vote:
    cmd: mkdir -p data/02_clean && python -m src.backend.resultats.format_2017 data/01_raw/2024-legislatives_2-bureau_de_vote.csv
      data/02_clean/2024-legislatives_2-bureau_de_vote.csv utf8 ';'
    deps:
    - path: data/01_raw/2024-legislatives_2-bureau_de_vote.csv
      hash: md5
      md5: 063dfce8aa81153f6b535b7ecdb49d6f
      size: 16652378
    - path: src/backend/resultats/format_2017.py
      hash: md5
      md5: ff373153ae1847c392e825d7e5b80b19
      size: 7310
    outs:
    - path: data/02_clean/2024-legislatives_2-bureau_de_vote.csv
      hash: md5
      md5: 4c2c6e218bcb2025ffc890006657eceb
      size: 7639742
  clean@2024-legislatives-2-circonscription:
    cmd: mkdir -p data/02_clean && python -m src.backend.resultats.format_2017 data/01_raw/2024-legislatives-2-circonscription.csv
      data/02_clean/2024-legislatives-2-circonscription.csv utf8 ';'
    deps:
    - path: data/01_raw/2024-legislatives-2-circonscription.csv
      hash: md5
      md5: 5232b0951ce8ca92573ea3b35d5d62a0
      size: 147285
    - path: src/backend/resultats/format_2017.py
      hash: md5
      md5: ff373153ae1847c392e825d7e5b80b19
      size: 7310
    outs:
    - path: data/02_clean/2024-legislatives-2-circonscription.csv
      hash: md5
      md5: 6c3ed955f0dd11f646834b86cf2ee8f8
      size: 65496
  clean@2012-presidentielles-bureau_de_vote:
    cmd: mkdir -p data/02_clean && python -m src.backend.resultats.format_2014 data/01_raw/2012-presidentielles-bureau_de_vote.csv
      data/02_clean/2012-presidentielles-bureau_de_vote.csv latin1 ';'
    deps:
    - path: data/01_raw/2012-presidentielles-bureau_de_vote.csv
      hash: md5
      md5: c12faa2e574d4844ed8686d17519a9e4
      size: 58668586
    - path: src/backend/resultats/format_2014.py
      hash: md5
      md5: 99df45d880e343c97ca66576175af972
      size: 3108
    outs:
    - path: data/02_clean/2012-presidentielles-bureau_de_vote.csv
      hash: md5
      md5: dd1602eeb3aef940be98b633715f98c0
      size: 49031032
  clean@2014-europeennes-bureau_de_vote:
    cmd: mkdir -p data/02_clean && python -m src.backend.resultats.format_2014 data/01_raw/2014-europeennes-bureau_de_vote.csv
      data/02_clean/2014-europeennes-bureau_de_vote.csv latin1 ';'
    deps:
    - path: data/01_raw/2014-europeennes-bureau_de_vote.csv
      hash: md5
      md5: 21aecbfcb6e0caf8eb09a3b573170623
      size: 108205025
    - path: src/backend/resultats/format_2014.py
      hash: md5
      md5: 99df45d880e343c97ca66576175af972
      size: 3108
    outs:
    - path: data/02_clean/2014-europeennes-bureau_de_vote.csv
      hash: md5
      md5: 86a735fc59b31007870567dceaa7fc80
      size: 85131014
  clean@2020-municipales_1-bureau_de_vote:
    cmd: mkdir -p data/02_clean && python -m src.backend.resultats.format_2017 data/01_raw/2020-municipales_1-bureau_de_vote.csv
      data/02_clean/2020-municipales_1-bureau_de_vote.csv utf8 ','
    deps:
    - path: data/01_raw/2020-municipales_1-bureau_de_vote.csv
      hash: md5
      md5: 55e10f3178400e9c4bc0c78808bdbe38
      size: 66944495
    - path: src/backend/resultats/format_2017.py
      hash: md5
      md5: ff373153ae1847c392e825d7e5b80b19
      size: 7310
    outs:
    - path: data/02_clean/2020-municipales_1-bureau_de_vote.csv
      hash: md5
      md5: 226e5f08199462ef4b515bc7d1d306c2
      size: 33123054
